{
  "name": "discord-afk-bot",
  "version": "1.0.0",
  "lockfileVersion": 3,
  "requires": true,
  "packages": {
    "": {
      "name": "discord-afk-bot",
      "version": "1.0.0",
      "dependencies": {
        "@discordjs/opus": "^0.9.0",
        "@discordjs/voice": "^0.16.0",
        "discord.js": "^14.0.0"
      }
    }
  }
}
